
Microsoft Visual Studio Solution File, Format Version 12.00
# Visual Studio Version 17
VisualStudioVersion = 17.4.33205.214
MinimumVisualStudioVersion = 10.0.40219.1
Project("{FAE04EC0-301F-11D3-BF4B-00C04F79EFBC}") = "ElasticKibaanaLogging", "ElasticKibaanaLogging\ElasticKibaanaLogging.csproj", "{05E2D99E-973A-4ACD-9E59-A5201020C93C}"
EndProject
Project("{E53339B2-1760-4266-BCC7-CA923CBCF16C}") = "docker-compose", "docker-compose.dcproj", "{17A93AC7-7627-4C18-ADC4-1BA974E37502}"
EndProject
Global
	GlobalSection(SolutionConfigurationPlatforms) = preSolution
		Debug|Any CPU = Debug|Any CPU
		Release|Any CPU = Release|Any CPU
	EndGlobalSection
	GlobalSection(ProjectConfigurationPlatforms) = postSolution
		{05E2D99E-973A-4ACD-9E59-A5201020C93C}.Debug|Any CPU.ActiveCfg = Debug|Any CPU
		{05E2D99E-973A-4ACD-9E59-A5201020C93C}.Debug|Any CPU.Build.0 = Debug|Any CPU
		{05E2D99E-973A-4ACD-9E59-A5201020C93C}.Release|Any CPU.ActiveCfg = Release|Any CPU
		{05E2D99E-973A-4ACD-9E59-A5201020C93C}.Release|Any CPU.Build.0 = Release|Any CPU
		{17A93AC7-7627-4C18-ADC4-1BA974E37502}.Debug|Any CPU.ActiveCfg = Debug|Any CPU
		{17A93AC7-7627-4C18-ADC4-1BA974E37502}.Debug|Any CPU.Build.0 = Debug|Any CPU
		{17A93AC7-7627-4C18-ADC4-1BA974E37502}.Release|Any CPU.ActiveCfg = Release|Any CPU
		{17A93AC7-7627-4C18-ADC4-1BA974E37502}.Release|Any CPU.Build.0 = Release|Any CPU
	EndGlobalSection
	GlobalSection(SolutionProperties) = preSolution
		HideSolutionNode = FALSE
	EndGlobalSection
	GlobalSection(ExtensibilityGlobals) = postSolution
		SolutionGuid = {8920EC08-3C8F-41D7-AEF6-DFA1916F2D7B}
	EndGlobalSection
EndGlobal
